// !$*UTF8*$!
{
	archiveVersion = 1;
	classes = {
	};
	objectVersion = 55;
	objects = {

/* Begin PBXBuildFile section */
		0F1A3EE7294F0B24008DAEAE /* CoinListHeaderView.xib in Resources */ = {isa = PBXBuildFile; fileRef = 0F1A3EE6294F0B24008DAEAE /* CoinListHeaderView.xib */; };
		0F35B64628D2F6C4005C42ED /* AppDelegate.swift in Sources */ = {isa = PBXBuildFile; fileRef = 0F35B64528D2F6C4005C42ED /* AppDelegate.swift */; };
		0F35B64828D2F6C4005C42ED /* SceneDelegate.swift in Sources */ = {isa = PBXBuildFile; fileRef = 0F35B64728D2F6C4005C42ED /* SceneDelegate.swift */; };
		0F35B64D28D2F6C4005C42ED /* Main.storyboard in Resources */ = {isa = PBXBuildFile; fileRef = 0F35B64B28D2F6C4005C42ED /* Main.storyboard */; };
		0F35B64F28D2F6C6005C42ED /* Assets.xcassets in Resources */ = {isa = PBXBuildFile; fileRef = 0F35B64E28D2F6C6005C42ED /* Assets.xcassets */; };
		0F35B65228D2F6C6005C42ED /* LaunchScreen.storyboard in Resources */ = {isa = PBXBuildFile; fileRef = 0F35B65028D2F6C6005C42ED /* LaunchScreen.storyboard */; };
		0F35B65A28D9668B005C42ED /* CoinListViewController.swift.swift in Sources */ = {isa = PBXBuildFile; fileRef = 0F35B65928D9668B005C42ED /* CoinListViewController.swift.swift */; };
		0F35B65D28D9A1BE005C42ED /* CoinListCell.swift in Sources */ = {isa = PBXBuildFile; fileRef = 0F35B65B28D9A1BE005C42ED /* CoinListCell.swift */; };
		0F35B65E28D9A1BE005C42ED /* CoinListCell.xib in Resources */ = {isa = PBXBuildFile; fileRef = 0F35B65C28D9A1BE005C42ED /* CoinListCell.xib */; };
		0F35B66028DAF423005C42ED /* Coin.swift in Sources */ = {isa = PBXBuildFile; fileRef = 0F35B65F28DAF423005C42ED /* Coin.swift */; };
		0F35B66228E2DE32005C42ED /* MemoViewController.swift in Sources */ = {isa = PBXBuildFile; fileRef = 0F35B66128E2DE32005C42ED /* MemoViewController.swift */; };
		0F69DF7529486FF000DC4FC1 /* money.json in Resources */ = {isa = PBXBuildFile; fileRef = 0F69DF7329486FEF00DC4FC1 /* money.json */; };
		0F69DF7629486FF000DC4FC1 /* greenMoney.json in Resources */ = {isa = PBXBuildFile; fileRef = 0F69DF7429486FEF00DC4FC1 /* greenMoney.json */; };
		0F7AC2DF28F80CA1007A4659 /* MemoCell.swift in Sources */ = {isa = PBXBuildFile; fileRef = 0F7AC2DE28F80CA1007A4659 /* MemoCell.swift */; };
		0F7AC2E128FBE6FE007A4659 /* WriteMemoViewController.swift in Sources */ = {isa = PBXBuildFile; fileRef = 0F7AC2E028FBE6FE007A4659 /* WriteMemoViewController.swift */; };
		0F7AC2E328FC1193007A4659 /* Memo.swift in Sources */ = {isa = PBXBuildFile; fileRef = 0F7AC2E228FC1193007A4659 /* Memo.swift */; };
		0F7AC2E528FFF51F007A4659 /* MemoDetailViewController.swift in Sources */ = {isa = PBXBuildFile; fileRef = 0F7AC2E428FFF51F007A4659 /* MemoDetailViewController.swift */; };
		0F7AC2E7290909B7007A4659 /* Asset.swift in Sources */ = {isa = PBXBuildFile; fileRef = 0F7AC2E6290909B7007A4659 /* Asset.swift */; };
		0F7AC2E929091895007A4659 /* AddAssetViewController.swift in Sources */ = {isa = PBXBuildFile; fileRef = 0F7AC2E829091895007A4659 /* AddAssetViewController.swift */; };
		0F7AC2EB290B9E45007A4659 /* AssetDetailViewController.swift in Sources */ = {isa = PBXBuildFile; fileRef = 0F7AC2EA290B9E45007A4659 /* AssetDetailViewController.swift */; };
		0F7AC2F2290CF6F6007A4659 /* AssetDetailListCell.swift in Sources */ = {isa = PBXBuildFile; fileRef = 0F7AC2F0290CF6F6007A4659 /* AssetDetailListCell.swift */; };
		0F7AC2F3290CF6F6007A4659 /* AssetDetailListCell.xib in Resources */ = {isa = PBXBuildFile; fileRef = 0F7AC2F1290CF6F6007A4659 /* AssetDetailListCell.xib */; };
		0F7AC2F82917AEB8007A4659 /* AddAssetPopUpViewController.swift in Sources */ = {isa = PBXBuildFile; fileRef = 0F7AC2F72917AEB8007A4659 /* AddAssetPopUpViewController.swift */; };
		0FC49FA6293CCB95003251BE /* NanumSquareRoundR.ttf in Resources */ = {isa = PBXBuildFile; fileRef = 0FC49FA5293CCB95003251BE /* NanumSquareRoundR.ttf */; };
		0FC49FA9293CD073003251BE /* NanumSquareRoundL.ttf in Resources */ = {isa = PBXBuildFile; fileRef = 0FC49FA8293CD073003251BE /* NanumSquareRoundL.ttf */; };
		0FC49FAB293CD07C003251BE /* NanumSquareRoundEB.ttf in Resources */ = {isa = PBXBuildFile; fileRef = 0FC49FAA293CD07C003251BE /* NanumSquareRoundEB.ttf */; };
		0FC49FAD293CD084003251BE /* NanumSquareRoundB.ttf in Resources */ = {isa = PBXBuildFile; fileRef = 0FC49FAC293CD084003251BE /* NanumSquareRoundB.ttf */; };
		0FC49FB0293F29F0003251BE /* UIViewExtension.swift in Sources */ = {isa = PBXBuildFile; fileRef = 0FC49FAF293F29F0003251BE /* UIViewExtension.swift */; };
		0FC49FB2293F3E45003251BE /* CoinListHeaderView.swift in Sources */ = {isa = PBXBuildFile; fileRef = 0FC49FB1293F3E45003251BE /* CoinListHeaderView.swift */; };
		0FD2EA2E28ED5CB900EF4E7A /* AssetViewController.swift in Sources */ = {isa = PBXBuildFile; fileRef = 0FD2EA2D28ED5CB900EF4E7A /* AssetViewController.swift */; };
		0FD2EA3028EEA87D00EF4E7A /* AssetListCell.swift in Sources */ = {isa = PBXBuildFile; fileRef = 0FD2EA2F28EEA87D00EF4E7A /* AssetListCell.swift */; };
		0FF01C2029407AA7000299A9 /* UIButtonExtension.swift in Sources */ = {isa = PBXBuildFile; fileRef = 0FF01C1F29407AA7000299A9 /* UIButtonExtension.swift */; };
		0FF01C422944C53C000299A9 /* NanumGothic.ttf in Resources */ = {isa = PBXBuildFile; fileRef = 0FF01C412944C53C000299A9 /* NanumGothic.ttf */; };
		0FF01C442944C54A000299A9 /* NanumGothicBold.ttf in Resources */ = {isa = PBXBuildFile; fileRef = 0FF01C432944C54A000299A9 /* NanumGothicBold.ttf */; };
		0FF01C462944C559000299A9 /* NanumGothicExtraBold.ttf in Resources */ = {isa = PBXBuildFile; fileRef = 0FF01C452944C559000299A9 /* NanumGothicExtraBold.ttf */; };
		0FF01C482944C55F000299A9 /* NanumGothicLight.ttf in Resources */ = {isa = PBXBuildFile; fileRef = 0FF01C472944C55F000299A9 /* NanumGothicLight.ttf */; };
		E5736BB83F6098406AD92316 /* Pods_TradingRecordApp.framework in Frameworks */ = {isa = PBXBuildFile; fileRef = 48B2E9809F65118E4F759A0F /* Pods_TradingRecordApp.framework */; };
/* End PBXBuildFile section */

/* Begin PBXFileReference section */
		0F1A3EE6294F0B24008DAEAE /* CoinListHeaderView.xib */ = {isa = PBXFileReference; lastKnownFileType = file.xib; path = CoinListHeaderView.xib; sourceTree = "<group>"; };
		0F35B64228D2F6C4005C42ED /* TradingRecordApp.app */ = {isa = PBXFileReference; explicitFileType = wrapper.application; includeInIndex = 0; path = TradingRecordApp.app; sourceTree = BUILT_PRODUCTS_DIR; };
		0F35B64528D2F6C4005C42ED /* AppDelegate.swift */ = {isa = PBXFileReference; lastKnownFileType = sourcecode.swift; path = AppDelegate.swift; sourceTree = "<group>"; };
		0F35B64728D2F6C4005C42ED /* SceneDelegate.swift */ = {isa = PBXFileReference; lastKnownFileType = sourcecode.swift; path = SceneDelegate.swift; sourceTree = "<group>"; };
		0F35B64C28D2F6C4005C42ED /* Base */ = {isa = PBXFileReference; lastKnownFileType = file.storyboard; name = Base; path = Base.lproj/Main.storyboard; sourceTree = "<group>"; };
		0F35B64E28D2F6C6005C42ED /* Assets.xcassets */ = {isa = PBXFileReference; lastKnownFileType = folder.assetcatalog; path = Assets.xcassets; sourceTree = "<group>"; };
		0F35B65128D2F6C6005C42ED /* Base */ = {isa = PBXFileReference; lastKnownFileType = file.storyboard; name = Base; path = Base.lproj/LaunchScreen.storyboard; sourceTree = "<group>"; };
		0F35B65328D2F6C6005C42ED /* Info.plist */ = {isa = PBXFileReference; lastKnownFileType = text.plist.xml; path = Info.plist; sourceTree = "<group>"; };
		0F35B65928D9668B005C42ED /* CoinListViewController.swift.swift */ = {isa = PBXFileReference; lastKnownFileType = sourcecode.swift; path = CoinListViewController.swift.swift; sourceTree = "<group>"; };
		0F35B65B28D9A1BE005C42ED /* CoinListCell.swift */ = {isa = PBXFileReference; lastKnownFileType = sourcecode.swift; path = CoinListCell.swift; sourceTree = "<group>"; };
		0F35B65C28D9A1BE005C42ED /* CoinListCell.xib */ = {isa = PBXFileReference; lastKnownFileType = file.xib; path = CoinListCell.xib; sourceTree = "<group>"; };
		0F35B65F28DAF423005C42ED /* Coin.swift */ = {isa = PBXFileReference; lastKnownFileType = sourcecode.swift; path = Coin.swift; sourceTree = "<group>"; };
		0F35B66128E2DE32005C42ED /* MemoViewController.swift */ = {isa = PBXFileReference; lastKnownFileType = sourcecode.swift; path = MemoViewController.swift; sourceTree = "<group>"; };
		0F69DF7329486FEF00DC4FC1 /* money.json */ = {isa = PBXFileReference; fileEncoding = 4; lastKnownFileType = text.json; path = money.json; sourceTree = "<group>"; };
		0F69DF7429486FEF00DC4FC1 /* greenMoney.json */ = {isa = PBXFileReference; fileEncoding = 4; lastKnownFileType = text.json; path = greenMoney.json; sourceTree = "<group>"; };
		0F7AC2DE28F80CA1007A4659 /* MemoCell.swift */ = {isa = PBXFileReference; lastKnownFileType = sourcecode.swift; path = MemoCell.swift; sourceTree = "<group>"; };
		0F7AC2E028FBE6FE007A4659 /* WriteMemoViewController.swift */ = {isa = PBXFileReference; lastKnownFileType = sourcecode.swift; path = WriteMemoViewController.swift; sourceTree = "<group>"; };
		0F7AC2E228FC1193007A4659 /* Memo.swift */ = {isa = PBXFileReference; lastKnownFileType = sourcecode.swift; path = Memo.swift; sourceTree = "<group>"; };
		0F7AC2E428FFF51F007A4659 /* MemoDetailViewController.swift */ = {isa = PBXFileReference; lastKnownFileType = sourcecode.swift; path = MemoDetailViewController.swift; sourceTree = "<group>"; };
		0F7AC2E6290909B7007A4659 /* Asset.swift */ = {isa = PBXFileReference; lastKnownFileType = sourcecode.swift; path = Asset.swift; sourceTree = "<group>"; };
		0F7AC2E829091895007A4659 /* AddAssetViewController.swift */ = {isa = PBXFileReference; lastKnownFileType = sourcecode.swift; path = AddAssetViewController.swift; sourceTree = "<group>"; };
		0F7AC2EA290B9E45007A4659 /* AssetDetailViewController.swift */ = {isa = PBXFileReference; lastKnownFileType = sourcecode.swift; path = AssetDetailViewController.swift; sourceTree = "<group>"; };
		0F7AC2F0290CF6F6007A4659 /* AssetDetailListCell.swift */ = {isa = PBXFileReference; lastKnownFileType = sourcecode.swift; path = AssetDetailListCell.swift; sourceTree = "<group>"; };
		0F7AC2F1290CF6F6007A4659 /* AssetDetailListCell.xib */ = {isa = PBXFileReference; lastKnownFileType = file.xib; path = AssetDetailListCell.xib; sourceTree = "<group>"; };
		0F7AC2F72917AEB8007A4659 /* AddAssetPopUpViewController.swift */ = {isa = PBXFileReference; lastKnownFileType = sourcecode.swift; path = AddAssetPopUpViewController.swift; sourceTree = "<group>"; };
		0FC49FA5293CCB95003251BE /* NanumSquareRoundR.ttf */ = {isa = PBXFileReference; lastKnownFileType = file; path = NanumSquareRoundR.ttf; sourceTree = "<group>"; };
		0FC49FA8293CD073003251BE /* NanumSquareRoundL.ttf */ = {isa = PBXFileReference; lastKnownFileType = file; path = NanumSquareRoundL.ttf; sourceTree = "<group>"; };
		0FC49FAA293CD07C003251BE /* NanumSquareRoundEB.ttf */ = {isa = PBXFileReference; lastKnownFileType = file; path = NanumSquareRoundEB.ttf; sourceTree = "<group>"; };
		0FC49FAC293CD084003251BE /* NanumSquareRoundB.ttf */ = {isa = PBXFileReference; lastKnownFileType = file; path = NanumSquareRoundB.ttf; sourceTree = "<group>"; };
		0FC49FAF293F29F0003251BE /* UIViewExtension.swift */ = {isa = PBXFileReference; lastKnownFileType = sourcecode.swift; path = UIViewExtension.swift; sourceTree = "<group>"; };
		0FC49FB1293F3E45003251BE /* CoinListHeaderView.swift */ = {isa = PBXFileReference; lastKnownFileType = sourcecode.swift; path = CoinListHeaderView.swift; sourceTree = "<group>"; };
		0FD2EA2D28ED5CB900EF4E7A /* AssetViewController.swift */ = {isa = PBXFileReference; lastKnownFileType = sourcecode.swift; path = AssetViewController.swift; sourceTree = "<group>"; };
		0FD2EA2F28EEA87D00EF4E7A /* AssetListCell.swift */ = {isa = PBXFileReference; lastKnownFileType = sourcecode.swift; path = AssetListCell.swift; sourceTree = "<group>"; };
		0FF01C1F29407AA7000299A9 /* UIButtonExtension.swift */ = {isa = PBXFileReference; lastKnownFileType = sourcecode.swift; path = UIButtonExtension.swift; sourceTree = "<group>"; };
		0FF01C412944C53C000299A9 /* NanumGothic.ttf */ = {isa = PBXFileReference; lastKnownFileType = file; path = NanumGothic.ttf; sourceTree = "<group>"; };
		0FF01C432944C54A000299A9 /* NanumGothicBold.ttf */ = {isa = PBXFileReference; lastKnownFileType = file; path = NanumGothicBold.ttf; sourceTree = "<group>"; };
		0FF01C452944C559000299A9 /* NanumGothicExtraBold.ttf */ = {isa = PBXFileReference; lastKnownFileType = file; path = NanumGothicExtraBold.ttf; sourceTree = "<group>"; };
		0FF01C472944C55F000299A9 /* NanumGothicLight.ttf */ = {isa = PBXFileReference; lastKnownFileType = file; path = NanumGothicLight.ttf; sourceTree = "<group>"; };
		48B2E9809F65118E4F759A0F /* Pods_TradingRecordApp.framework */ = {isa = PBXFileReference; explicitFileType = wrapper.framework; includeInIndex = 0; path = Pods_TradingRecordApp.framework; sourceTree = BUILT_PRODUCTS_DIR; };
		DB7683D5B6A1D141B8CC186F /* Pods-TradingRecordApp.release.xcconfig */ = {isa = PBXFileReference; includeInIndex = 1; lastKnownFileType = text.xcconfig; name = "Pods-TradingRecordApp.release.xcconfig"; path = "Target Support Files/Pods-TradingRecordApp/Pods-TradingRecordApp.release.xcconfig"; sourceTree = "<group>"; };
		EC43EBB4354F80A2A886E8FF /* Pods-TradingRecordApp.debug.xcconfig */ = {isa = PBXFileReference; includeInIndex = 1; lastKnownFileType = text.xcconfig; name = "Pods-TradingRecordApp.debug.xcconfig"; path = "Target Support Files/Pods-TradingRecordApp/Pods-TradingRecordApp.debug.xcconfig"; sourceTree = "<group>"; };
/* End PBXFileReference section */

/* Begin PBXFrameworksBuildPhase section */
		0F35B63F28D2F6C4005C42ED /* Frameworks */ = {
			isa = PBXFrameworksBuildPhase;
			buildActionMask = 2147483647;
			files = (
				E5736BB83F6098406AD92316 /* Pods_TradingRecordApp.framework in Frameworks */,
			);
			runOnlyForDeploymentPostprocessing = 0;
		};
/* End PBXFrameworksBuildPhase section */

/* Begin PBXGroup section */
		0F35B63928D2F6C4005C42ED = {
			isa = PBXGroup;
			children = (
				0F35B64428D2F6C4005C42ED /* TradingRecordApp */,
				0F35B64328D2F6C4005C42ED /* Products */,
				31A9C439E065AA7B73DD76FE /* Pods */,
				55A18E9A26E6FD07D2B0D4AA /* Frameworks */,
			);
			sourceTree = "<group>";
		};
		0F35B64328D2F6C4005C42ED /* Products */ = {
			isa = PBXGroup;
			children = (
				0F35B64228D2F6C4005C42ED /* TradingRecordApp.app */,
			);
			name = Products;
			sourceTree = "<group>";
		};
		0F35B64428D2F6C4005C42ED /* TradingRecordApp */ = {
			isa = PBXGroup;
			children = (
				0F69DF7429486FEF00DC4FC1 /* greenMoney.json */,
				0F69DF7329486FEF00DC4FC1 /* money.json */,
				0F35B64528D2F6C4005C42ED /* AppDelegate.swift */,
				0F35B64728D2F6C4005C42ED /* SceneDelegate.swift */,
				0F35B64B28D2F6C4005C42ED /* Main.storyboard */,
				0FC49FAE293F29CE003251BE /* Extension */,
				0F7AC2F5290D64AA007A4659 /* Coin */,
				0F7AC2F4290D649B007A4659 /* Asset */,
				0F7AC2F6290D64B4007A4659 /* Memo */,
				0FC49FA7293CCED4003251BE /* Font */,
				0F35B64E28D2F6C6005C42ED /* Assets.xcassets */,
				0F35B65028D2F6C6005C42ED /* LaunchScreen.storyboard */,
				0F35B65328D2F6C6005C42ED /* Info.plist */,
			);
			path = TradingRecordApp;
			sourceTree = "<group>";
		};
		0F7AC2F4290D649B007A4659 /* Asset */ = {
			isa = PBXGroup;
			children = (
				0FD2EA2D28ED5CB900EF4E7A /* AssetViewController.swift */,
				0FD2EA2F28EEA87D00EF4E7A /* AssetListCell.swift */,
				0F7AC2EA290B9E45007A4659 /* AssetDetailViewController.swift */,
				0F7AC2F0290CF6F6007A4659 /* AssetDetailListCell.swift */,
				0F7AC2F1290CF6F6007A4659 /* AssetDetailListCell.xib */,
				0F7AC2E829091895007A4659 /* AddAssetViewController.swift */,
				0F7AC2F72917AEB8007A4659 /* AddAssetPopUpViewController.swift */,
				0F7AC2E6290909B7007A4659 /* Asset.swift */,
			);
			path = Asset;
			sourceTree = "<group>";
		};
		0F7AC2F5290D64AA007A4659 /* Coin */ = {
			isa = PBXGroup;
			children = (
				0F35B65928D9668B005C42ED /* CoinListViewController.swift.swift */,
				0F35B65B28D9A1BE005C42ED /* CoinListCell.swift */,
				0F35B65C28D9A1BE005C42ED /* CoinListCell.xib */,
				0FC49FB1293F3E45003251BE /* CoinListHeaderView.swift */,
				0F1A3EE6294F0B24008DAEAE /* CoinListHeaderView.xib */,
				0F35B65F28DAF423005C42ED /* Coin.swift */,
			);
			path = Coin;
			sourceTree = "<group>";
		};
		0F7AC2F6290D64B4007A4659 /* Memo */ = {
			isa = PBXGroup;
			children = (
				0F35B66128E2DE32005C42ED /* MemoViewController.swift */,
				0F7AC2E028FBE6FE007A4659 /* WriteMemoViewController.swift */,
				0F7AC2E428FFF51F007A4659 /* MemoDetailViewController.swift */,
				0F7AC2E228FC1193007A4659 /* Memo.swift */,
				0F7AC2DE28F80CA1007A4659 /* MemoCell.swift */,
			);
			path = Memo;
			sourceTree = "<group>";
		};
		0FC49FA7293CCED4003251BE /* Font */ = {
			isa = PBXGroup;
			children = (
				0FF01C472944C55F000299A9 /* NanumGothicLight.ttf */,
				0FF01C452944C559000299A9 /* NanumGothicExtraBold.ttf */,
				0FF01C432944C54A000299A9 /* NanumGothicBold.ttf */,
				0FF01C412944C53C000299A9 /* NanumGothic.ttf */,
				0FC49FAC293CD084003251BE /* NanumSquareRoundB.ttf */,
				0FC49FAA293CD07C003251BE /* NanumSquareRoundEB.ttf */,
				0FC49FA8293CD073003251BE /* NanumSquareRoundL.ttf */,
				0FC49FA5293CCB95003251BE /* NanumSquareRoundR.ttf */,
			);
			path = Font;
			sourceTree = "<group>";
		};
		0FC49FAE293F29CE003251BE /* Extension */ = {
			isa = PBXGroup;
			children = (
				0FC49FAF293F29F0003251BE /* UIViewExtension.swift */,
				0FF01C1F29407AA7000299A9 /* UIButtonExtension.swift */,
			);
			path = Extension;
			sourceTree = "<group>";
		};
		31A9C439E065AA7B73DD76FE /* Pods */ = {
			isa = PBXGroup;
			children = (
				EC43EBB4354F80A2A886E8FF /* Pods-TradingRecordApp.debug.xcconfig */,
				DB7683D5B6A1D141B8CC186F /* Pods-TradingRecordApp.release.xcconfig */,
			);
			path = Pods;
			sourceTree = "<group>";
		};
		55A18E9A26E6FD07D2B0D4AA /* Frameworks */ = {
			isa = PBXGroup;
			children = (
				48B2E9809F65118E4F759A0F /* Pods_TradingRecordApp.framework */,
			);
			name = Frameworks;
			sourceTree = "<group>";
		};
/* End PBXGroup section */

/* Begin PBXNativeTarget section */
		0F35B64128D2F6C4005C42ED /* TradingRecordApp */ = {
			isa = PBXNativeTarget;
			buildConfigurationList = 0F35B65628D2F6C6005C42ED /* Build configuration list for PBXNativeTarget "TradingRecordApp" */;
			buildPhases = (
				923816BA761B003848769348 /* [CP] Check Pods Manifest.lock */,
				0F35B63E28D2F6C4005C42ED /* Sources */,
				0F35B63F28D2F6C4005C42ED /* Frameworks */,
				0F35B64028D2F6C4005C42ED /* Resources */,
				0C501236BD48CBD1E421E818 /* [CP] Embed Pods Frameworks */,
			);
			buildRules = (
			);
			dependencies = (
			);
			name = TradingRecordApp;
			productName = TradingRecordApp;
			productReference = 0F35B64228D2F6C4005C42ED /* TradingRecordApp.app */;
			productType = "com.apple.product-type.application";
		};
/* End PBXNativeTarget section */

/* Begin PBXProject section */
		0F35B63A28D2F6C4005C42ED /* Project object */ = {
			isa = PBXProject;
			attributes = {
				BuildIndependentTargetsInParallel = 1;
				LastSwiftUpdateCheck = 1340;
				LastUpgradeCheck = 1340;
				TargetAttributes = {
					0F35B64128D2F6C4005C42ED = {
						CreatedOnToolsVersion = 13.4.1;
					};
				};
			};
			buildConfigurationList = 0F35B63D28D2F6C4005C42ED /* Build configuration list for PBXProject "TradingRecordApp" */;
			compatibilityVersion = "Xcode 13.0";
			developmentRegion = en;
			hasScannedForEncodings = 0;
			knownRegions = (
				en,
				Base,
			);
			mainGroup = 0F35B63928D2F6C4005C42ED;
			productRefGroup = 0F35B64328D2F6C4005C42ED /* Products */;
			projectDirPath = "";
			projectRoot = "";
			targets = (
				0F35B64128D2F6C4005C42ED /* TradingRecordApp */,
			);
		};
/* End PBXProject section */

/* Begin PBXResourcesBuildPhase section */
		0F35B64028D2F6C4005C42ED /* Resources */ = {
			isa = PBXResourcesBuildPhase;
			buildActionMask = 2147483647;
			files = (
				0F69DF7629486FF000DC4FC1 /* greenMoney.json in Resources */,
				0FC49FA9293CD073003251BE /* NanumSquareRoundL.ttf in Resources */,
				0FC49FAB293CD07C003251BE /* NanumSquareRoundEB.ttf in Resources */,
				0F69DF7529486FF000DC4FC1 /* money.json in Resources */,
				0F35B65228D2F6C6005C42ED /* LaunchScreen.storyboard in Resources */,
				0F35B64F28D2F6C6005C42ED /* Assets.xcassets in Resources */,
				0FF01C422944C53C000299A9 /* NanumGothic.ttf in Resources */,
				0F35B65E28D9A1BE005C42ED /* CoinListCell.xib in Resources */,
				0F1A3EE7294F0B24008DAEAE /* CoinListHeaderView.xib in Resources */,
				0FC49FAD293CD084003251BE /* NanumSquareRoundB.ttf in Resources */,
				0FF01C482944C55F000299A9 /* NanumGothicLight.ttf in Resources */,
				0F7AC2F3290CF6F6007A4659 /* AssetDetailListCell.xib in Resources */,
				0FF01C462944C559000299A9 /* NanumGothicExtraBold.ttf in Resources */,
				0FF01C442944C54A000299A9 /* NanumGothicBold.ttf in Resources */,
				0F35B64D28D2F6C4005C42ED /* Main.storyboard in Resources */,
				0FC49FA6293CCB95003251BE /* NanumSquareRoundR.ttf in Resources */,
			);
			runOnlyForDeploymentPostprocessing = 0;
		};
/* End PBXResourcesBuildPhase section */

/* Begin PBXShellScriptBuildPhase section */
		0C501236BD48CBD1E421E818 /* [CP] Embed Pods Frameworks */ = {
			isa = PBXShellScriptBuildPhase;
			buildActionMask = 2147483647;
			files = (
			);
			inputFileListPaths = (
				"${PODS_ROOT}/Target Support Files/Pods-TradingRecordApp/Pods-TradingRecordApp-frameworks-${CONFIGURATION}-input-files.xcfilelist",
			);
			name = "[CP] Embed Pods Frameworks";
			outputFileListPaths = (
				"${PODS_ROOT}/Target Support Files/Pods-TradingRecordApp/Pods-TradingRecordApp-frameworks-${CONFIGURATION}-output-files.xcfilelist",
			);
			runOnlyForDeploymentPostprocessing = 0;
			shellPath = /bin/sh;
			shellScript = "\"${PODS_ROOT}/Target Support Files/Pods-TradingRecordApp/Pods-TradingRecordApp-frameworks.sh\"\n";
			showEnvVarsInLog = 0;
		};
		923816BA761B003848769348 /* [CP] Check Pods Manifest.lock */ = {
			isa = PBXShellScriptBuildPhase;
			buildActionMask = 2147483647;
			files = (
			);
			inputFileListPaths = (
			);
			inputPaths = (
				"${PODS_PODFILE_DIR_PATH}/Podfile.lock",
				"${PODS_ROOT}/Manifest.lock",
			);
			name = "[CP] Check Pods Manifest.lock";
			outputFileListPaths = (
			);
			outputPaths = (
				"$(DERIVED_FILE_DIR)/Pods-TradingRecordApp-checkManifestLockResult.txt",
			);
			runOnlyForDeploymentPostprocessing = 0;
			shellPath = /bin/sh;
			shellScript = "diff \"${PODS_PODFILE_DIR_PATH}/Podfile.lock\" \"${PODS_ROOT}/Manifest.lock\" > /dev/null\nif [ $? != 0 ] ; then\n    # print error to STDERR\n    echo \"error: The sandbox is not in sync with the Podfile.lock. Run 'pod install' or update your CocoaPods installation.\" >&2\n    exit 1\nfi\n# This output is used by Xcode 'outputs' to avoid re-running this script phase.\necho \"SUCCESS\" > \"${SCRIPT_OUTPUT_FILE_0}\"\n";
			showEnvVarsInLog = 0;
		};
/* End PBXShellScriptBuildPhase section */

/* Begin PBXSourcesBuildPhase section */
		0F35B63E28D2F6C4005C42ED /* Sources */ = {
			isa = PBXSourcesBuildPhase;
			buildActionMask = 2147483647;
			files = (
				0FC49FB2293F3E45003251BE /* CoinListHeaderView.swift in Sources */,
				0FF01C2029407AA7000299A9 /* UIButtonExtension.swift in Sources */,
				0F7AC2E128FBE6FE007A4659 /* WriteMemoViewController.swift in Sources */,
				0F7AC2E7290909B7007A4659 /* Asset.swift in Sources */,
				0F7AC2E528FFF51F007A4659 /* MemoDetailViewController.swift in Sources */,
				0F7AC2F2290CF6F6007A4659 /* AssetDetailListCell.swift in Sources */,
				0F35B65A28D9668B005C42ED /* CoinListViewController.swift.swift in Sources */,
				0F35B64628D2F6C4005C42ED /* AppDelegate.swift in Sources */,
				0FC49FB0293F29F0003251BE /* UIViewExtension.swift in Sources */,
				0FD2EA3028EEA87D00EF4E7A /* AssetListCell.swift in Sources */,
				0F35B66228E2DE32005C42ED /* MemoViewController.swift in Sources */,
				0F35B65D28D9A1BE005C42ED /* CoinListCell.swift in Sources */,
				0F7AC2EB290B9E45007A4659 /* AssetDetailViewController.swift in Sources */,
				0F7AC2E328FC1193007A4659 /* Memo.swift in Sources */,
				0F35B66028DAF423005C42ED /* Coin.swift in Sources */,
				0F35B64828D2F6C4005C42ED /* SceneDelegate.swift in Sources */,
				0F7AC2E929091895007A4659 /* AddAssetViewController.swift in Sources */,
				0FD2EA2E28ED5CB900EF4E7A /* AssetViewController.swift in Sources */,
				0F7AC2DF28F80CA1007A4659 /* MemoCell.swift in Sources */,
				0F7AC2F82917AEB8007A4659 /* AddAssetPopUpViewController.swift in Sources */,
			);
			runOnlyForDeploymentPostprocessing = 0;
		};
/* End PBXSourcesBuildPhase section */

/* Begin PBXVariantGroup section */
		0F35B64B28D2F6C4005C42ED /* Main.storyboard */ = {
			isa = PBXVariantGroup;
			children = (
				0F35B64C28D2F6C4005C42ED /* Base */,
			);
			name = Main.storyboard;
			sourceTree = "<group>";
		};
		0F35B65028D2F6C6005C42ED /* LaunchScreen.storyboard */ = {
			isa = PBXVariantGroup;
			children = (
				0F35B65128D2F6C6005C42ED /* Base */,
			);
			name = LaunchScreen.storyboard;
			sourceTree = "<group>";
		};
/* End PBXVariantGroup section */

/* Begin XCBuildConfiguration section */
		0F35B65428D2F6C6005C42ED /* Debug */ = {
			isa = XCBuildConfiguration;
			buildSettings = {
				ALWAYS_SEARCH_USER_PATHS = NO;
				CLANG_ANALYZER_NONNULL = YES;
				CLANG_ANALYZER_NUMBER_OBJECT_CONVERSION = YES_AGGRESSIVE;
				CLANG_CXX_LANGUAGE_STANDARD = "gnu++17";
				CLANG_ENABLE_MODULES = YES;
				CLANG_ENABLE_OBJC_ARC = YES;
				CLANG_ENABLE_OBJC_WEAK = YES;
				CLANG_WARN_BLOCK_CAPTURE_AUTORELEASING = YES;
				CLANG_WARN_BOOL_CONVERSION = YES;
				CLANG_WARN_COMMA = YES;
				CLANG_WARN_CONSTANT_CONVERSION = YES;
				CLANG_WARN_DEPRECATED_OBJC_IMPLEMENTATIONS = YES;
				CLANG_WARN_DIRECT_OBJC_ISA_USAGE = YES_ERROR;
				CLANG_WARN_DOCUMENTATION_COMMENTS = YES;
				CLANG_WARN_EMPTY_BODY = YES;
				CLANG_WARN_ENUM_CONVERSION = YES;
				CLANG_WARN_INFINITE_RECURSION = YES;
				CLANG_WARN_INT_CONVERSION = YES;
				CLANG_WARN_NON_LITERAL_NULL_CONVERSION = YES;
				CLANG_WARN_OBJC_IMPLICIT_RETAIN_SELF = YES;
				CLANG_WARN_OBJC_LITERAL_CONVERSION = YES;
				CLANG_WARN_OBJC_ROOT_CLASS = YES_ERROR;
				CLANG_WARN_QUOTED_INCLUDE_IN_FRAMEWORK_HEADER = YES;
				CLANG_WARN_RANGE_LOOP_ANALYSIS = YES;
				CLANG_WARN_STRICT_PROTOTYPES = YES;
				CLANG_WARN_SUSPICIOUS_MOVE = YES;
				CLANG_WARN_UNGUARDED_AVAILABILITY = YES_AGGRESSIVE;
				CLANG_WARN_UNREACHABLE_CODE = YES;
				CLANG_WARN__DUPLICATE_METHOD_MATCH = YES;
				COPY_PHASE_STRIP = NO;
				DEBUG_INFORMATION_FORMAT = dwarf;
				ENABLE_STRICT_OBJC_MSGSEND = YES;
				ENABLE_TESTABILITY = YES;
				GCC_C_LANGUAGE_STANDARD = gnu11;
				GCC_DYNAMIC_NO_PIC = NO;
				GCC_NO_COMMON_BLOCKS = YES;
				GCC_OPTIMIZATION_LEVEL = 0;
				GCC_PREPROCESSOR_DEFINITIONS = (
					"DEBUG=1",
					"$(inherited)",
				);
				GCC_WARN_64_TO_32_BIT_CONVERSION = YES;
				GCC_WARN_ABOUT_RETURN_TYPE = YES_ERROR;
				GCC_WARN_UNDECLARED_SELECTOR = YES;
				GCC_WARN_UNINITIALIZED_AUTOS = YES_AGGRESSIVE;
				GCC_WARN_UNUSED_FUNCTION = YES;
				GCC_WARN_UNUSED_VARIABLE = YES;
				IPHONEOS_DEPLOYMENT_TARGET = 15.5;
				MTL_ENABLE_DEBUG_INFO = INCLUDE_SOURCE;
				MTL_FAST_MATH = YES;
				ONLY_ACTIVE_ARCH = YES;
				SDKROOT = iphoneos;
				SWIFT_ACTIVE_COMPILATION_CONDITIONS = DEBUG;
				SWIFT_OPTIMIZATION_LEVEL = "-Onone";
			};
			name = Debug;
		};
		0F35B65528D2F6C6005C42ED /* Release */ = {
			isa = XCBuildConfiguration;
			buildSettings = {
				ALWAYS_SEARCH_USER_PATHS = NO;
				CLANG_ANALYZER_NONNULL = YES;
				CLANG_ANALYZER_NUMBER_OBJECT_CONVERSION = YES_AGGRESSIVE;
				CLANG_CXX_LANGUAGE_STANDARD = "gnu++17";
				CLANG_ENABLE_MODULES = YES;
				CLANG_ENABLE_OBJC_ARC = YES;
				CLANG_ENABLE_OBJC_WEAK = YES;
				CLANG_WARN_BLOCK_CAPTURE_AUTORELEASING = YES;
				CLANG_WARN_BOOL_CONVERSION = YES;
				CLANG_WARN_COMMA = YES;
				CLANG_WARN_CONSTANT_CONVERSION = YES;
				CLANG_WARN_DEPRECATED_OBJC_IMPLEMENTATIONS = YES;
				CLANG_WARN_DIRECT_OBJC_ISA_USAGE = YES_ERROR;
				CLANG_WARN_DOCUMENTATION_COMMENTS = YES;
				CLANG_WARN_EMPTY_BODY = YES;
				CLANG_WARN_ENUM_CONVERSION = YES;
				CLANG_WARN_INFINITE_RECURSION = YES;
				CLANG_WARN_INT_CONVERSION = YES;
				CLANG_WARN_NON_LITERAL_NULL_CONVERSION = YES;
				CLANG_WARN_OBJC_IMPLICIT_RETAIN_SELF = YES;
				CLANG_WARN_OBJC_LITERAL_CONVERSION = YES;
				CLANG_WARN_OBJC_ROOT_CLASS = YES_ERROR;
				CLANG_WARN_QUOTED_INCLUDE_IN_FRAMEWORK_HEADER = YES;
				CLANG_WARN_RANGE_LOOP_ANALYSIS = YES;
				CLANG_WARN_STRICT_PROTOTYPES = YES;
				CLANG_WARN_SUSPICIOUS_MOVE = YES;
				CLANG_WARN_UNGUARDED_AVAILABILITY = YES_AGGRESSIVE;
				CLANG_WARN_UNREACHABLE_CODE = YES;
				CLANG_WARN__DUPLICATE_METHOD_MATCH = YES;
				COPY_PHASE_STRIP = NO;
				DEBUG_INFORMATION_FORMAT = "dwarf-with-dsym";
				ENABLE_NS_ASSERTIONS = NO;
				ENABLE_STRICT_OBJC_MSGSEND = YES;
				GCC_C_LANGUAGE_STANDARD = gnu11;
				GCC_NO_COMMON_BLOCKS = YES;
				GCC_WARN_64_TO_32_BIT_CONVERSION = YES;
				GCC_WARN_ABOUT_RETURN_TYPE = YES_ERROR;
				GCC_WARN_UNDECLARED_SELECTOR = YES;
				GCC_WARN_UNINITIALIZED_AUTOS = YES_AGGRESSIVE;
				GCC_WARN_UNUSED_FUNCTION = YES;
				GCC_WARN_UNUSED_VARIABLE = YES;
				IPHONEOS_DEPLOYMENT_TARGET = 15.5;
				MTL_ENABLE_DEBUG_INFO = NO;
				MTL_FAST_MATH = YES;
				SDKROOT = iphoneos;
				SWIFT_COMPILATION_MODE = wholemodule;
				SWIFT_OPTIMIZATION_LEVEL = "-O";
				VALIDATE_PRODUCT = YES;
			};
			name = Release;
		};
		0F35B65728D2F6C6005C42ED /* Debug */ = {
			isa = XCBuildConfiguration;
			baseConfigurationReference = EC43EBB4354F80A2A886E8FF /* Pods-TradingRecordApp.debug.xcconfig */;
			buildSettings = {
				ASSETCATALOG_COMPILER_APPICON_NAME = "AppIcon 1";
				ASSETCATALOG_COMPILER_GLOBAL_ACCENT_COLOR_NAME = AccentColor;
				CODE_SIGN_STYLE = Automatic;
				CURRENT_PROJECT_VERSION = 1;
				DEVELOPMENT_TEAM = 5YFP2CJ2SY;
				GENERATE_INFOPLIST_FILE = YES;
				INFOPLIST_FILE = TradingRecordApp/Info.plist;
				INFOPLIST_KEY_UIApplicationSupportsIndirectInputEvents = YES;
				INFOPLIST_KEY_UILaunchStoryboardName = LaunchScreen;
				INFOPLIST_KEY_UIMainStoryboardFile = Main;
				INFOPLIST_KEY_UISupportedInterfaceOrientations_iPad = "UIInterfaceOrientationPortrait UIInterfaceOrientationPortraitUpsideDown UIInterfaceOrientationLandscapeLeft UIInterfaceOrientationLandscapeRight";
				INFOPLIST_KEY_UISupportedInterfaceOrientations_iPhone = "UIInterfaceOrientationPortrait UIInterfaceOrientationLandscapeLeft UIInterfaceOrientationLandscapeRight";
				IPHONEOS_DEPLOYMENT_TARGET = 16.1;
				LD_RUNPATH_SEARCH_PATHS = (
					"$(inherited)",
					"@executable_path/Frameworks",
				);
				MARKETING_VERSION = 1.0;
				PRODUCT_BUNDLE_IDENTIFIER = sun.TradingRecordApp;
				PRODUCT_NAME = "$(TARGET_NAME)";
				SWIFT_EMIT_LOC_STRINGS = YES;
				SWIFT_VERSION = 5.0;
				TARGETED_DEVICE_FAMILY = "1,2";
			};
			name = Debug;
		};
		0F35B65828D2F6C6005C42ED /* Release */ = {
			isa = XCBuildConfiguration;
			baseConfigurationReference = DB7683D5B6A1D141B8CC186F /* Pods-TradingRecordApp.release.xcconfig */;
			buildSettings = {
				ASSETCATALOG_COMPILER_APPICON_NAME = "AppIcon 1";
				ASSETCATALOG_COMPILER_GLOBAL_ACCENT_COLOR_NAME = AccentColor;
				CODE_SIGN_STYLE = Automatic;
				CURRENT_PROJECT_VERSION = 1;
				DEVELOPMENT_TEAM = 5YFP2CJ2SY;
				GENERATE_INFOPLIST_FILE = YES;
				INFOPLIST_FILE = TradingRecordApp/Info.plist;
				INFOPLIST_KEY_UIApplicationSupportsIndirectInputEvents = YES;
				INFOPLIST_KEY_UILaunchStoryboardName = LaunchScreen;
				INFOPLIST_KEY_UIMainStoryboardFile = Main;
				INFOPLIST_KEY_UISupportedInterfaceOrientations_iPad = "UIInterfaceOrientationPortrait UIInterfaceOrientationPortraitUpsideDown UIInterfaceOrientationLandscapeLeft UIInterfaceOrientationLandscapeRight";
				INFOPLIST_KEY_UISupportedInterfaceOrientations_iPhone = "UIInterfaceOrientationPortrait UIInterfaceOrientationLandscapeLeft UIInterfaceOrientationLandscapeRight";
				IPHONEOS_DEPLOYMENT_TARGET = 16.1;
				LD_RUNPATH_SEARCH_PATHS = (
					"$(inherited)",
					"@executable_path/Frameworks",
				);
				MARKETING_VERSION = 1.0;
				PRODUCT_BUNDLE_IDENTIFIER = sun.TradingRecordApp;
				PRODUCT_NAME = "$(TARGET_NAME)";
				SWIFT_EMIT_LOC_STRINGS = YES;
				SWIFT_VERSION = 5.0;
				TARGETED_DEVICE_FAMILY = "1,2";
			};
			name = Release;
		};
/* End XCBuildConfiguration section */

/* Begin XCConfigurationList section */
		0F35B63D28D2F6C4005C42ED /* Build configuration list for PBXProject "TradingRecordApp" */ = {
			isa = XCConfigurationList;
			buildConfigurations = (
				0F35B65428D2F6C6005C42ED /* Debug */,
				0F35B65528D2F6C6005C42ED /* Release */,
			);
			defaultConfigurationIsVisible = 0;
			defaultConfigurationName = Release;
		};
		0F35B65628D2F6C6005C42ED /* Build configuration list for PBXNativeTarget "TradingRecordApp" */ = {
			isa = XCConfigurationList;
			buildConfigurations = (
				0F35B65728D2F6C6005C42ED /* Debug */,
				0F35B65828D2F6C6005C42ED /* Release */,
			);
			defaultConfigurationIsVisible = 0;
			defaultConfigurationName = Release;
		};
/* End XCConfigurationList section */
	};
	rootObject = 0F35B63A28D2F6C4005C42ED /* Project object */;
}
